
Microsoft Visual Studio Solution File, Format Version 12.00
# Visual Studio Version 17
VisualStudioVersion = 17.11.35327.3
MinimumVisualStudioVersion = 10.0.40219.1
Project("{9A19103F-16F7-4668-BE54-9A1E7A4F7556}") = "FinTrack", "FinTrack.csproj", "{6824CB7B-385B-42DC-B7EB-5F2A2AF98A87}"
EndProject
Global
	GlobalSection(SolutionConfigurationPlatforms) = preSolution
		Debug|Any CPU = Debug|Any CPU
		Release|Any CPU = Release|Any CPU
	EndGlobalSection
	GlobalSection(ProjectConfigurationPlatforms) = postSolution
		{6824CB7B-385B-42DC-B7EB-5F2A2AF98A87}.Debug|Any CPU.ActiveCfg = Debug|Any CPU
		{6824CB7B-385B-42DC-B7EB-5F2A2AF98A87}.Debug|Any CPU.Build.0 = Debug|Any CPU
		{6824CB7B-385B-42DC-B7EB-5F2A2AF98A87}.Release|Any CPU.ActiveCfg = Release|Any CPU
		{6824CB7B-385B-42DC-B7EB-5F2A2AF98A87}.Release|Any CPU.Build.0 = Release|Any CPU
	EndGlobalSection
	GlobalSection(SolutionProperties) = preSolution
		HideSolutionNode = FALSE
	EndGlobalSection
	GlobalSection(ExtensibilityGlobals) = postSolution
		SolutionGuid = {B979E40B-0545-4D4A-9AA1-24EFAC58A19E}
	EndGlobalSection
EndGlobal
